
Microsoft Visual Studio Solution File, Format Version 12.00
# Visual Studio 15
VisualStudioVersion = 15.0.28010.2050
MinimumVisualStudioVersion = 10.0.40219.1
Project("{FAE04EC0-301F-11D3-BF4B-00C04F79EFBC}") = "Client", "Client\Client.csproj", "{1E4CC03A-8768-4B30-941C-F57652C61B84}"
EndProject
Project("{FAE04EC0-301F-11D3-BF4B-00C04F79EFBC}") = "Server", "Server\Server.csproj", "{99F13F36-F1E5-457A-9AFF-2E00AA7F2F06}"
EndProject
Project("{FAE04EC0-301F-11D3-BF4B-00C04F79EFBC}") = "Editor", "Editor\Editor.csproj", "{28879410-BEDF-4BA4-8664-1432E6D50B0E}"
EndProject
Global
	GlobalSection(SolutionConfigurationPlatforms) = preSolution
		Debug|Any CPU = Debug|Any CPU
		Release|Any CPU = Release|Any CPU
	EndGlobalSection
	GlobalSection(ProjectConfigurationPlatforms) = postSolution
		{1E4CC03A-8768-4B30-941C-F57652C61B84}.Debug|Any CPU.ActiveCfg = Debug|Any CPU
		{1E4CC03A-8768-4B30-941C-F57652C61B84}.Debug|Any CPU.Build.0 = Debug|Any CPU
		{1E4CC03A-8768-4B30-941C-F57652C61B84}.Release|Any CPU.ActiveCfg = Release|Any CPU
		{1E4CC03A-8768-4B30-941C-F57652C61B84}.Release|Any CPU.Build.0 = Release|Any CPU
		{99F13F36-F1E5-457A-9AFF-2E00AA7F2F06}.Debug|Any CPU.ActiveCfg = Debug|Any CPU
		{99F13F36-F1E5-457A-9AFF-2E00AA7F2F06}.Debug|Any CPU.Build.0 = Debug|Any CPU
		{99F13F36-F1E5-457A-9AFF-2E00AA7F2F06}.Release|Any CPU.ActiveCfg = Release|Any CPU
		{99F13F36-F1E5-457A-9AFF-2E00AA7F2F06}.Release|Any CPU.Build.0 = Release|Any CPU
		{28879410-BEDF-4BA4-8664-1432E6D50B0E}.Debug|Any CPU.ActiveCfg = Debug|Any CPU
		{28879410-BEDF-4BA4-8664-1432E6D50B0E}.Debug|Any CPU.Build.0 = Debug|Any CPU
		{28879410-BEDF-4BA4-8664-1432E6D50B0E}.Release|Any CPU.ActiveCfg = Release|Any CPU
		{28879410-BEDF-4BA4-8664-1432E6D50B0E}.Release|Any CPU.Build.0 = Release|Any CPU
	EndGlobalSection
	GlobalSection(SolutionProperties) = preSolution
		HideSolutionNode = FALSE
	EndGlobalSection
	GlobalSection(ExtensibilityGlobals) = postSolution
		SolutionGuid = {4825A497-4883-4874-9B29-8F4E5CD9DAF0}
	EndGlobalSection
EndGlobal
